
Microsoft Visual Studio Solution File, Format Version 12.00
# Visual Studio 15
VisualStudioVersion = 15.0.28307.852
MinimumVisualStudioVersion = 10.0.40219.1
Project("{FAE04EC0-301F-11D3-BF4B-00C04F79EFBC}") = "xlTrace", "xlTrace\xlTrace.csproj", "{D660D528-645F-42F6-8128-235D132D21ED}"
EndProject
Global
	GlobalSection(SolutionConfigurationPlatforms) = preSolution
		Debug|Any CPU = Debug|Any CPU
		Release|Any CPU = Release|Any CPU
	EndGlobalSection
	GlobalSection(ProjectConfigurationPlatforms) = postSolution
		{D660D528-645F-42F6-8128-235D132D21ED}.Debug|Any CPU.ActiveCfg = Debug|Any CPU
		{D660D528-645F-42F6-8128-235D132D21ED}.Debug|Any CPU.Build.0 = Debug|Any CPU
		{D660D528-645F-42F6-8128-235D132D21ED}.Release|Any CPU.ActiveCfg = Release|Any CPU
		{D660D528-645F-42F6-8128-235D132D21ED}.Release|Any CPU.Build.0 = Release|Any CPU
	EndGlobalSection
	GlobalSection(SolutionProperties) = preSolution
		HideSolutionNode = FALSE
	EndGlobalSection
	GlobalSection(ExtensibilityGlobals) = postSolution
		SolutionGuid = {39861F8B-226C-4BAB-A002-0D2DD497AE31}
	EndGlobalSection
EndGlobal
